
Microsoft Visual Studio Solution File, Format Version 12.00
# Visual Studio 15
VisualStudioVersion = 15.0.27703.2026
MinimumVisualStudioVersion = 10.0.40219.1
Project("{FAE04EC0-301F-11D3-BF4B-00C04F79EFBC}") = "PInvokePerformance", "PInvokePerformance\PInvokePerformance.csproj", "{C6CD2B5F-63CE-41A3-9C70-5842E86874E6}"
EndProject
Project("{8BC9CEB8-8B4A-11D0-8D11-00A0C91BC942}") = "TraditionalAPI", "TraditionalAPI\TraditionalAPI.vcxproj", "{B5B634E4-2825-468B-872B-E1C2DB9E7B33}"
EndProject
Project("{8BC9CEB8-8B4A-11D0-8D11-00A0C91BC942}") = "ManagedInterface", "ManagedInterface\ManagedInterface.vcxproj", "{67143223-9C7F-42F9-B988-48A52FB70E5C}"
EndProject
Global
	GlobalSection(SolutionConfigurationPlatforms) = preSolution
		Debug|Any CPU = Debug|Any CPU
		Debug|x64 = Debug|x64
		Debug|x86 = Debug|x86
		Release|Any CPU = Release|Any CPU
		Release|x64 = Release|x64
		Release|x86 = Release|x86
	EndGlobalSection
	GlobalSection(ProjectConfigurationPlatforms) = postSolution
		{C6CD2B5F-63CE-41A3-9C70-5842E86874E6}.Debug|Any CPU.ActiveCfg = Debug|Any CPU
		{C6CD2B5F-63CE-41A3-9C70-5842E86874E6}.Debug|Any CPU.Build.0 = Debug|Any CPU
		{C6CD2B5F-63CE-41A3-9C70-5842E86874E6}.Debug|x64.ActiveCfg = Debug|x64
		{C6CD2B5F-63CE-41A3-9C70-5842E86874E6}.Debug|x64.Build.0 = Debug|x64
		{C6CD2B5F-63CE-41A3-9C70-5842E86874E6}.Debug|x86.ActiveCfg = Debug|x86
		{C6CD2B5F-63CE-41A3-9C70-5842E86874E6}.Debug|x86.Build.0 = Debug|x86
		{C6CD2B5F-63CE-41A3-9C70-5842E86874E6}.Release|Any CPU.ActiveCfg = Release|Any CPU
		{C6CD2B5F-63CE-41A3-9C70-5842E86874E6}.Release|Any CPU.Build.0 = Release|Any CPU
		{C6CD2B5F-63CE-41A3-9C70-5842E86874E6}.Release|x64.ActiveCfg = Release|x64
		{C6CD2B5F-63CE-41A3-9C70-5842E86874E6}.Release|x64.Build.0 = Release|x64
		{C6CD2B5F-63CE-41A3-9C70-5842E86874E6}.Release|x86.ActiveCfg = Release|x86
		{C6CD2B5F-63CE-41A3-9C70-5842E86874E6}.Release|x86.Build.0 = Release|x86
		{B5B634E4-2825-468B-872B-E1C2DB9E7B33}.Debug|Any CPU.ActiveCfg = Debug|Win32
		{B5B634E4-2825-468B-872B-E1C2DB9E7B33}.Debug|x64.ActiveCfg = Debug|x64
		{B5B634E4-2825-468B-872B-E1C2DB9E7B33}.Debug|x64.Build.0 = Debug|x64
		{B5B634E4-2825-468B-872B-E1C2DB9E7B33}.Debug|x86.ActiveCfg = Debug|Win32
		{B5B634E4-2825-468B-872B-E1C2DB9E7B33}.Debug|x86.Build.0 = Debug|Win32
		{B5B634E4-2825-468B-872B-E1C2DB9E7B33}.Release|Any CPU.ActiveCfg = Release|Win32
		{B5B634E4-2825-468B-872B-E1C2DB9E7B33}.Release|x64.ActiveCfg = Release|x64
		{B5B634E4-2825-468B-872B-E1C2DB9E7B33}.Release|x64.Build.0 = Release|x64
		{B5B634E4-2825-468B-872B-E1C2DB9E7B33}.Release|x86.ActiveCfg = Release|Win32
		{B5B634E4-2825-468B-872B-E1C2DB9E7B33}.Release|x86.Build.0 = Release|Win32
		{67143223-9C7F-42F9-B988-48A52FB70E5C}.Debug|Any CPU.ActiveCfg = Debug|Win32
		{67143223-9C7F-42F9-B988-48A52FB70E5C}.Debug|x64.ActiveCfg = Debug|x64
		{67143223-9C7F-42F9-B988-48A52FB70E5C}.Debug|x64.Build.0 = Debug|x64
		{67143223-9C7F-42F9-B988-48A52FB70E5C}.Debug|x86.ActiveCfg = Debug|Win32
		{67143223-9C7F-42F9-B988-48A52FB70E5C}.Debug|x86.Build.0 = Debug|Win32
		{67143223-9C7F-42F9-B988-48A52FB70E5C}.Release|Any CPU.ActiveCfg = Release|Win32
		{67143223-9C7F-42F9-B988-48A52FB70E5C}.Release|x64.ActiveCfg = Release|x64
		{67143223-9C7F-42F9-B988-48A52FB70E5C}.Release|x64.Build.0 = Release|x64
		{67143223-9C7F-42F9-B988-48A52FB70E5C}.Release|x86.ActiveCfg = Release|Win32
		{67143223-9C7F-42F9-B988-48A52FB70E5C}.Release|x86.Build.0 = Release|Win32
	EndGlobalSection
	GlobalSection(SolutionProperties) = preSolution
		HideSolutionNode = FALSE
	EndGlobalSection
	GlobalSection(ExtensibilityGlobals) = postSolution
		SolutionGuid = {40043A40-305F-4E45-95A3-F12B330E6BEA}
	EndGlobalSection
EndGlobal
